# This file is autogenerated, do not edit; changes may be undone by the next 'dep ensure'.


[[projects]]
  name = "github.com/jteeuwen/go-bindata"
  packages = ["."]
  revision = "bbd0c6e271208dce66d8fda4bc536453cd27fc4a"
  version = "v3.0.7"

[[projects]]
  branch = "master"
  name = "github.com/zserge/webview"
  packages = ["."]
  revision = "9f33a00f8c9e96eeef675d5db5c21ccb1940d497"

[solve-meta]
  analyzer-name = "dep"
  analyzer-version = 1
  inputs-digest = "f6d5bc154c647041f3b1d47fdc365692d016246e006397380453b10cc6aabe9e"
  solver-name = "gps-cdcl"
  solver-version = 1
