# This file is autogenerated, do not edit; changes may be undone by the next 'dep ensure'.


[[projects]]
  branch = "master"
  name = "github.com/elazarl/go-bindata-assetfs"
  packages = ["."]
  revision = "30f82fa23fd844bd5bb1e5f216db87fd77b5eb43"

[[projects]]
  branch = "master"
  name = "github.com/zserge/webview"
  packages = ["."]
  revision = "9f33a00f8c9e96eeef675d5db5c21ccb1940d497"

[solve-meta]
  analyzer-name = "dep"
  analyzer-version = 1
  inputs-digest = "7e66d02b9a5b62633c3bda5ea8988eccc808509707b6ce15a31bf0dc2ea7c45a"
  solver-name = "gps-cdcl"
  solver-version = 1
